# This file is automatically @generated by Cargo.
# It is not intended for manual editing.
version = 4

[[package]]
name = "tiempio-engine-core"
version = "0.1.0"
dependencies = [
 "tiempio-engine-protocol",
]

[[package]]
name = "tiempio-engine-drums"
version = "0.1.0"
dependencies = [
 "tiempio-engine-core",
 "tiempio-engine-dsp",
]

[[package]]
name = "tiempio-engine-dsp"
version = "0.1.0"
dependencies = [
 "tiempio-engine-core",
 "tiempio-engine-protocol",
]

[[package]]
name = "tiempio-engine-native-host"
version = "0.1.0"
dependencies = [
 "tiempio-engine-core",
 "tiempio-engine-drums",
 "tiempio-engine-dsp",
 "tiempio-engine-protocol",
 "tiempio-engine-synth",
]

[[package]]
name = "tiempio-engine-protocol"
version = "0.1.0"

[[package]]
name = "tiempio-engine-synth"
version = "0.1.0"
dependencies = [
 "tiempio-engine-core",
 "tiempio-engine-dsp",
]

[[package]]
name = "tiempio-engine-web-worklet"
version = "0.1.0"
dependencies = [
 "tiempio-engine-core",
 "tiempio-engine-drums",
 "tiempio-engine-dsp",
 "tiempio-engine-protocol",
 "tiempio-engine-synth",
]
